
Microsoft Visual Studio Solution File, Format Version 12.00
# Visual Studio Version 17
VisualStudioVersion = 17.0.31903.59
MinimumVisualStudioVersion = 10.0.40219.1
Project("{F2A71F9B-5D33-465A-A702-920D77279786}") = "FeshStandalone", "FeshStandalone.fsproj", "{5502E9D8-62C4-45F8-B230-53006A4B60B1}"
EndProject
Global
	GlobalSection(SolutionConfigurationPlatforms) = preSolution
		Debug|Any CPU = Debug|Any CPU
		Release|Any CPU = Release|Any CPU
	EndGlobalSection
	GlobalSection(SolutionProperties) = preSolution
		HideSolutionNode = FALSE
	EndGlobalSection
	GlobalSection(ProjectConfigurationPlatforms) = postSolution
		{5502E9D8-62C4-45F8-B230-53006A4B60B1}.Debug|Any CPU.ActiveCfg = Release|Any CPU
		{5502E9D8-62C4-45F8-B230-53006A4B60B1}.Debug|Any CPU.Build.0 = Release|Any CPU
		{5502E9D8-62C4-45F8-B230-53006A4B60B1}.Release|Any CPU.ActiveCfg = Release|Any CPU
		{5502E9D8-62C4-45F8-B230-53006A4B60B1}.Release|Any CPU.Build.0 = Release|Any CPU
	EndGlobalSection
EndGlobal
