
Microsoft Visual Studio Solution File, Format Version 12.00
# Visual Studio Version 16
VisualStudioVersion = 16.0.30114.105
MinimumVisualStudioVersion = 10.0.40219.1
Project("{6EC3EE1D-3C4E-46DD-8F32-0CC8E7565705}") = "SeffStandalone", "SeffStandalone.fsproj", "{C6B6C174-333C-421B-A840-C12EA46A0590}"
EndProject
Project("{6EC3EE1D-3C4E-46DD-8F32-0CC8E7565705}") = "SeffHosting", "SeffHosting.fsproj", "{84DAED94-3371-4FDC-B36B-5917FF2A2981}"
EndProject
Global
	GlobalSection(SolutionConfigurationPlatforms) = preSolution
		Debug|Any CPU = Debug|Any CPU
		Release|Any CPU = Release|Any CPU
	EndGlobalSection
	GlobalSection(ProjectConfigurationPlatforms) = postSolution
		{C6B6C174-333C-421B-A840-C12EA46A0590}.Debug|Any CPU.ActiveCfg = Debug|Any CPU
		{C6B6C174-333C-421B-A840-C12EA46A0590}.Debug|Any CPU.Build.0 = Debug|Any CPU
		{C6B6C174-333C-421B-A840-C12EA46A0590}.Release|Any CPU.ActiveCfg = Release|Any CPU
		{C6B6C174-333C-421B-A840-C12EA46A0590}.Release|Any CPU.Build.0 = Release|Any CPU
		{84DAED94-3371-4FDC-B36B-5917FF2A2981}.Debug|Any CPU.ActiveCfg = Debug|Any CPU
		{84DAED94-3371-4FDC-B36B-5917FF2A2981}.Debug|Any CPU.Build.0 = Debug|Any CPU
		{84DAED94-3371-4FDC-B36B-5917FF2A2981}.Release|Any CPU.ActiveCfg = Release|Any CPU
		{84DAED94-3371-4FDC-B36B-5917FF2A2981}.Release|Any CPU.Build.0 = Release|Any CPU
	EndGlobalSection
	GlobalSection(SolutionProperties) = preSolution
		HideSolutionNode = FALSE
	EndGlobalSection
	GlobalSection(ExtensibilityGlobals) = postSolution
		SolutionGuid = {E80FBD35-2764-4F0A-915A-FF80FA504AC9}
	EndGlobalSection
EndGlobal
